
Microsoft Visual Studio Solution File, Format Version 12.00
# Visual Studio Version 17
VisualStudioVersion = 17.7.34024.191
MinimumVisualStudioVersion = 10.0.40219.1
Project("{FAE04EC0-301F-11D3-BF4B-00C04F79EFBC}") = "OM.Complaints", "OM.Complaints\OM.Complaints.csproj", "{A5009092-D97A-4B94-BA89-BE611134A94B}"
EndProject
Global
	GlobalSection(SolutionConfigurationPlatforms) = preSolution
		Debug|Any CPU = Debug|Any CPU
		Release|Any CPU = Release|Any CPU
	EndGlobalSection
	GlobalSection(ProjectConfigurationPlatforms) = postSolution
		{A5009092-D97A-4B94-BA89-BE611134A94B}.Debug|Any CPU.ActiveCfg = Debug|Any CPU
		{A5009092-D97A-4B94-BA89-BE611134A94B}.Debug|Any CPU.Build.0 = Debug|Any CPU
		{A5009092-D97A-4B94-BA89-BE611134A94B}.Release|Any CPU.ActiveCfg = Release|Any CPU
		{A5009092-D97A-4B94-BA89-BE611134A94B}.Release|Any CPU.Build.0 = Release|Any CPU
	EndGlobalSection
	GlobalSection(SolutionProperties) = preSolution
		HideSolutionNode = FALSE
	EndGlobalSection
	GlobalSection(ExtensibilityGlobals) = postSolution
		SolutionGuid = {3211FBBA-7A25-4C2A-932B-E6D059A2833F}
	EndGlobalSection
EndGlobal
